
Microsoft Visual Studio Solution File, Format Version 12.00
# Visual Studio Version 17
VisualStudioVersion = 17.4.33213.308
MinimumVisualStudioVersion = 10.0.40219.1
Project("{FAE04EC0-301F-11D3-BF4B-00C04F79EFBC}") = "API", "PersonalWebsite\API.csproj", "{F782560A-A177-4DC0-97B7-C9AC142F0DE3}"
EndProject
Project("{FAE04EC0-301F-11D3-BF4B-00C04F79EFBC}") = "Application", "Application\Application.csproj", "{776CF376-0663-4D1C-B53D-6B73FB5719AC}"
EndProject
Project("{FAE04EC0-301F-11D3-BF4B-00C04F79EFBC}") = "Domain", "Domain\Domain.csproj", "{49D3340B-8A43-4152-BAA8-602A0048E84A}"
EndProject
Project("{FAE04EC0-301F-11D3-BF4B-00C04F79EFBC}") = "Persistence", "Persistence\Persistence.csproj", "{39D3C0DE-41D8-404C-AC07-248432877C61}"
EndProject
Project("{FAE04EC0-301F-11D3-BF4B-00C04F79EFBC}") = "Infrastructure", "Infrastructure\Infrastructure.csproj", "{6661F828-5425-4803-885F-4F071FE77C20}"
EndProject
Global
	GlobalSection(SolutionConfigurationPlatforms) = preSolution
		Debug|Any CPU = Debug|Any CPU
		Release|Any CPU = Release|Any CPU
	EndGlobalSection
	GlobalSection(ProjectConfigurationPlatforms) = postSolution
		{F782560A-A177-4DC0-97B7-C9AC142F0DE3}.Debug|Any CPU.ActiveCfg = Debug|Any CPU
		{F782560A-A177-4DC0-97B7-C9AC142F0DE3}.Debug|Any CPU.Build.0 = Debug|Any CPU
		{F782560A-A177-4DC0-97B7-C9AC142F0DE3}.Release|Any CPU.ActiveCfg = Release|Any CPU
		{F782560A-A177-4DC0-97B7-C9AC142F0DE3}.Release|Any CPU.Build.0 = Release|Any CPU
		{776CF376-0663-4D1C-B53D-6B73FB5719AC}.Debug|Any CPU.ActiveCfg = Debug|Any CPU
		{776CF376-0663-4D1C-B53D-6B73FB5719AC}.Debug|Any CPU.Build.0 = Debug|Any CPU
		{776CF376-0663-4D1C-B53D-6B73FB5719AC}.Release|Any CPU.ActiveCfg = Release|Any CPU
		{776CF376-0663-4D1C-B53D-6B73FB5719AC}.Release|Any CPU.Build.0 = Release|Any CPU
		{49D3340B-8A43-4152-BAA8-602A0048E84A}.Debug|Any CPU.ActiveCfg = Debug|Any CPU
		{49D3340B-8A43-4152-BAA8-602A0048E84A}.Debug|Any CPU.Build.0 = Debug|Any CPU
		{49D3340B-8A43-4152-BAA8-602A0048E84A}.Release|Any CPU.ActiveCfg = Release|Any CPU
		{49D3340B-8A43-4152-BAA8-602A0048E84A}.Release|Any CPU.Build.0 = Release|Any CPU
		{39D3C0DE-41D8-404C-AC07-248432877C61}.Debug|Any CPU.ActiveCfg = Debug|Any CPU
		{39D3C0DE-41D8-404C-AC07-248432877C61}.Debug|Any CPU.Build.0 = Debug|Any CPU
		{39D3C0DE-41D8-404C-AC07-248432877C61}.Release|Any CPU.ActiveCfg = Release|Any CPU
		{39D3C0DE-41D8-404C-AC07-248432877C61}.Release|Any CPU.Build.0 = Release|Any CPU
		{6661F828-5425-4803-885F-4F071FE77C20}.Debug|Any CPU.ActiveCfg = Debug|Any CPU
		{6661F828-5425-4803-885F-4F071FE77C20}.Debug|Any CPU.Build.0 = Debug|Any CPU
		{6661F828-5425-4803-885F-4F071FE77C20}.Release|Any CPU.ActiveCfg = Release|Any CPU
		{6661F828-5425-4803-885F-4F071FE77C20}.Release|Any CPU.Build.0 = Release|Any CPU
	EndGlobalSection
	GlobalSection(SolutionProperties) = preSolution
		HideSolutionNode = FALSE
	EndGlobalSection
	GlobalSection(ExtensibilityGlobals) = postSolution
		SolutionGuid = {9A710F6D-7641-4748-A3A7-2140EA6764CA}
	EndGlobalSection
EndGlobal
